
Microsoft Visual Studio Solution File, Format Version 12.00
# Visual Studio Version 17
VisualStudioVersion = 17.9.34714.143
MinimumVisualStudioVersion = 10.0.40219.1
Project("{FAE04EC0-301F-11D3-BF4B-00C04F79EFBC}") = "GameTool", "GameTool.csproj", "{A0DB8B4C-F728-4C59-B37B-86AD9FA7EDEA}"
EndProject
Global
	GlobalSection(SolutionConfigurationPlatforms) = preSolution
		Debug|Any CPU = Debug|Any CPU
		Release|Any CPU = Release|Any CPU
	EndGlobalSection
	GlobalSection(ProjectConfigurationPlatforms) = postSolution
		{A0DB8B4C-F728-4C59-B37B-86AD9FA7EDEA}.Debug|Any CPU.ActiveCfg = Debug|Any CPU
		{A0DB8B4C-F728-4C59-B37B-86AD9FA7EDEA}.Debug|Any CPU.Build.0 = Debug|Any CPU
		{A0DB8B4C-F728-4C59-B37B-86AD9FA7EDEA}.Release|Any CPU.ActiveCfg = Release|Any CPU
		{A0DB8B4C-F728-4C59-B37B-86AD9FA7EDEA}.Release|Any CPU.Build.0 = Release|Any CPU
	EndGlobalSection
	GlobalSection(SolutionProperties) = preSolution
		HideSolutionNode = FALSE
	EndGlobalSection
	GlobalSection(ExtensibilityGlobals) = postSolution
		SolutionGuid = {8F6C3091-A589-41FC-AA09-1A721EE8A10A}
	EndGlobalSection
EndGlobal
